
Microsoft Visual Studio Solution File, Format Version 12.00
# Visual Studio Version 17
VisualStudioVersion = 17.0.31919.166
MinimumVisualStudioVersion = 10.0.40219.1
Project("{9A19103F-16F7-4668-BE54-9A1E7A4F7556}") = "NitroTube", "NitroTube.csproj", "{00C1B8F5-00B0-4836-BBD0-081D4E1D91A1}"
EndProject
Project("{54435603-DBB4-11D2-8724-00A0C9A8B90C}") = "NitroTubeInstaller", "NitroTubeInstaller\NitroTubeInstaller.vdproj", "{1216FFA1-2CC0-4198-9D65-C9D44C4263CE}"
EndProject
Global
	GlobalSection(SolutionConfigurationPlatforms) = preSolution
		Debug|Any CPU = Debug|Any CPU
		Debug|x64 = Debug|x64
		Installer|Any CPU = Installer|Any CPU
		Installer|x64 = Installer|x64
		Release|Any CPU = Release|Any CPU
		Release|x64 = Release|x64
	EndGlobalSection
	GlobalSection(ProjectConfigurationPlatforms) = postSolution
		{00C1B8F5-00B0-4836-BBD0-081D4E1D91A1}.Debug|Any CPU.ActiveCfg = Debug|Any CPU
		{00C1B8F5-00B0-4836-BBD0-081D4E1D91A1}.Debug|Any CPU.Build.0 = Debug|Any CPU
		{00C1B8F5-00B0-4836-BBD0-081D4E1D91A1}.Debug|x64.ActiveCfg = Debug|x64
		{00C1B8F5-00B0-4836-BBD0-081D4E1D91A1}.Debug|x64.Build.0 = Debug|x64
		{00C1B8F5-00B0-4836-BBD0-081D4E1D91A1}.Installer|Any CPU.ActiveCfg = Release|Any CPU
		{00C1B8F5-00B0-4836-BBD0-081D4E1D91A1}.Installer|Any CPU.Build.0 = Release|Any CPU
		{00C1B8F5-00B0-4836-BBD0-081D4E1D91A1}.Installer|x64.ActiveCfg = Release|x64
		{00C1B8F5-00B0-4836-BBD0-081D4E1D91A1}.Installer|x64.Build.0 = Release|x64
		{00C1B8F5-00B0-4836-BBD0-081D4E1D91A1}.Release|Any CPU.ActiveCfg = Release|Any CPU
		{00C1B8F5-00B0-4836-BBD0-081D4E1D91A1}.Release|Any CPU.Build.0 = Release|Any CPU
		{00C1B8F5-00B0-4836-BBD0-081D4E1D91A1}.Release|x64.ActiveCfg = Release|x64
		{00C1B8F5-00B0-4836-BBD0-081D4E1D91A1}.Release|x64.Build.0 = Release|x64
		{1216FFA1-2CC0-4198-9D65-C9D44C4263CE}.Debug|Any CPU.ActiveCfg = Debug
		{1216FFA1-2CC0-4198-9D65-C9D44C4263CE}.Debug|x64.ActiveCfg = Installer
		{1216FFA1-2CC0-4198-9D65-C9D44C4263CE}.Installer|Any CPU.ActiveCfg = Installer
		{1216FFA1-2CC0-4198-9D65-C9D44C4263CE}.Installer|Any CPU.Build.0 = Installer
		{1216FFA1-2CC0-4198-9D65-C9D44C4263CE}.Installer|x64.ActiveCfg = Installer
		{1216FFA1-2CC0-4198-9D65-C9D44C4263CE}.Installer|x64.Build.0 = Installer
		{1216FFA1-2CC0-4198-9D65-C9D44C4263CE}.Release|Any CPU.ActiveCfg = Release
		{1216FFA1-2CC0-4198-9D65-C9D44C4263CE}.Release|x64.ActiveCfg = Release
	EndGlobalSection
	GlobalSection(SolutionProperties) = preSolution
		HideSolutionNode = FALSE
	EndGlobalSection
	GlobalSection(ExtensibilityGlobals) = postSolution
		SolutionGuid = {2F959CA8-C998-4F7A-BBF2-2576722A7970}
	EndGlobalSection
EndGlobal
